// !$*UTF8*$!
{
	archiveVersion = 1;
	classes = {
	};
	objectVersion = 46;
	objects = {

/* Begin PBXBuildFile section */
		2463B4331B937961005EEB83 /* main.swift in Sources */ = {isa = PBXBuildFile; fileRef = 2463B4321B937961005EEB83 /* main.swift */; };
		249E86551B93D8380017461F /* CommandLine.swift in Sources */ = {isa = PBXBuildFile; fileRef = 249E86521B93D8380017461F /* CommandLine.swift */; settings = {ASSET_TAGS = (); }; };
		249E86561B93D8380017461F /* Option.swift in Sources */ = {isa = PBXBuildFile; fileRef = 249E86531B93D8380017461F /* Option.swift */; settings = {ASSET_TAGS = (); }; };
		249E86571B93D8380017461F /* StringExtensions.swift in Sources */ = {isa = PBXBuildFile; fileRef = 249E86541B93D8380017461F /* StringExtensions.swift */; settings = {ASSET_TAGS = (); }; };
		24AA310C1B94ADF7002C1951 /* GPXDocument.swift in Sources */ = {isa = PBXBuildFile; fileRef = 24AA310B1B94ADF7002C1951 /* GPXDocument.swift */; settings = {ASSET_TAGS = (); }; };
		24AA31141B94C99A002C1951 /* gpxmerge_tests.swift in Sources */ = {isa = PBXBuildFile; fileRef = 24AA31131B94C99A002C1951 /* gpxmerge_tests.swift */; };
		24AA311B1B94CA79002C1951 /* LogLevel.swift in Sources */ = {isa = PBXBuildFile; fileRef = 24AA311A1B94CA79002C1951 /* LogLevel.swift */; settings = {ASSET_TAGS = (); }; };
		24AA311C1B94CA79002C1951 /* LogLevel.swift in Sources */ = {isa = PBXBuildFile; fileRef = 24AA311A1B94CA79002C1951 /* LogLevel.swift */; settings = {ASSET_TAGS = (); }; };
		24AA311D1B94CA90002C1951 /* GPXDocument.swift in Sources */ = {isa = PBXBuildFile; fileRef = 24AA310B1B94ADF7002C1951 /* GPXDocument.swift */; settings = {ASSET_TAGS = (); }; };
		24AA31241B94CD71002C1951 /* Central_Park_Lap.gpx in Resources */ = {isa = PBXBuildFile; fileRef = 24AA31211B94CD71002C1951 /* Central_Park_Lap.gpx */; settings = {ASSET_TAGS = (); }; };
		24AA31251B94CD71002C1951 /* Central_Park_Lap_Cues.gpx in Resources */ = {isa = PBXBuildFile; fileRef = 24AA31221B94CD71002C1951 /* Central_Park_Lap_Cues.gpx */; settings = {ASSET_TAGS = (); }; };
		24AA31261B94CD71002C1951 /* output.gpx in Resources */ = {isa = PBXBuildFile; fileRef = 24AA31231B94CD71002C1951 /* output.gpx */; settings = {ASSET_TAGS = (); }; };
		24AA312B1B94F08F002C1951 /* Version.swift in Sources */ = {isa = PBXBuildFile; fileRef = 24AA312A1B94F08F002C1951 /* Version.swift */; settings = {ASSET_TAGS = (); }; };
/* End PBXBuildFile section */

/* Begin PBXCopyFilesBuildPhase section */
		2463B42D1B937961005EEB83 /* CopyFiles */ = {
			isa = PBXCopyFilesBuildPhase;
			buildActionMask = 2147483647;
			dstPath = /usr/share/man/man1;
			dstSubfolderSpec = 0;
			files = (
			);
			runOnlyForDeploymentPostprocessing = 1;
		};
/* End PBXCopyFilesBuildPhase section */

/* Begin PBXFileReference section */
		2463B42F1B937961005EEB83 /* gpxmerge */ = {isa = PBXFileReference; explicitFileType = "compiled.mach-o.executable"; includeInIndex = 0; path = gpxmerge; sourceTree = BUILT_PRODUCTS_DIR; };
		2463B4321B937961005EEB83 /* main.swift */ = {isa = PBXFileReference; lastKnownFileType = sourcecode.swift; path = main.swift; sourceTree = "<group>"; };
		249E86521B93D8380017461F /* CommandLine.swift */ = {isa = PBXFileReference; fileEncoding = 4; lastKnownFileType = sourcecode.swift; name = CommandLine.swift; path = Carthage/Checkouts/CommandLine/CommandLine/CommandLine.swift; sourceTree = SOURCE_ROOT; };
		249E86531B93D8380017461F /* Option.swift */ = {isa = PBXFileReference; fileEncoding = 4; lastKnownFileType = sourcecode.swift; name = Option.swift; path = Carthage/Checkouts/CommandLine/CommandLine/Option.swift; sourceTree = SOURCE_ROOT; };
		249E86541B93D8380017461F /* StringExtensions.swift */ = {isa = PBXFileReference; fileEncoding = 4; lastKnownFileType = sourcecode.swift; name = StringExtensions.swift; path = Carthage/Checkouts/CommandLine/CommandLine/StringExtensions.swift; sourceTree = SOURCE_ROOT; };
		24AA310B1B94ADF7002C1951 /* GPXDocument.swift */ = {isa = PBXFileReference; fileEncoding = 4; lastKnownFileType = sourcecode.swift; path = GPXDocument.swift; sourceTree = "<group>"; };
		24AA31111B94C99A002C1951 /* gpxmerge tests.xctest */ = {isa = PBXFileReference; explicitFileType = wrapper.cfbundle; includeInIndex = 0; path = "gpxmerge tests.xctest"; sourceTree = BUILT_PRODUCTS_DIR; };
		24AA31131B94C99A002C1951 /* gpxmerge_tests.swift */ = {isa = PBXFileReference; lastKnownFileType = sourcecode.swift; path = gpxmerge_tests.swift; sourceTree = "<group>"; };
		24AA31151B94C99A002C1951 /* Info.plist */ = {isa = PBXFileReference; lastKnownFileType = text.plist.xml; path = Info.plist; sourceTree = "<group>"; };
		24AA311A1B94CA79002C1951 /* LogLevel.swift */ = {isa = PBXFileReference; fileEncoding = 4; lastKnownFileType = sourcecode.swift; path = LogLevel.swift; sourceTree = "<group>"; };
		24AA31211B94CD71002C1951 /* Central_Park_Lap.gpx */ = {isa = PBXFileReference; fileEncoding = 4; lastKnownFileType = text.xml; path = Central_Park_Lap.gpx; sourceTree = "<group>"; };
		24AA31221B94CD71002C1951 /* Central_Park_Lap_Cues.gpx */ = {isa = PBXFileReference; fileEncoding = 4; lastKnownFileType = text.xml; path = Central_Park_Lap_Cues.gpx; sourceTree = "<group>"; };
		24AA31231B94CD71002C1951 /* output.gpx */ = {isa = PBXFileReference; fileEncoding = 4; lastKnownFileType = text.xml; path = output.gpx; sourceTree = "<group>"; };
		24AA312A1B94F08F002C1951 /* Version.swift */ = {isa = PBXFileReference; fileEncoding = 4; lastKnownFileType = sourcecode.swift; path = Version.swift; sourceTree = SOURCE_ROOT; };
/* End PBXFileReference section */

/* Begin PBXFrameworksBuildPhase section */
		2463B42C1B937961005EEB83 /* Frameworks */ = {
			isa = PBXFrameworksBuildPhase;
			buildActionMask = 2147483647;
			files = (
			);
			runOnlyForDeploymentPostprocessing = 0;
		};
		24AA310E1B94C99A002C1951 /* Frameworks */ = {
			isa = PBXFrameworksBuildPhase;
			buildActionMask = 2147483647;
			files = (
			);
			runOnlyForDeploymentPostprocessing = 0;
		};
/* End PBXFrameworksBuildPhase section */

/* Begin PBXGroup section */
		2463B4261B937961005EEB83 = {
			isa = PBXGroup;
			children = (
				2463B4311B937961005EEB83 /* Pocket Earth GPS Merge */,
				24AA31121B94C99A002C1951 /* gpxmerge tests */,
				2463B4301B937961005EEB83 /* Products */,
			);
			sourceTree = "<group>";
		};
		2463B4301B937961005EEB83 /* Products */ = {
			isa = PBXGroup;
			children = (
				2463B42F1B937961005EEB83 /* gpxmerge */,
				24AA31111B94C99A002C1951 /* gpxmerge tests.xctest */,
			);
			name = Products;
			sourceTree = "<group>";
		};
		2463B4311B937961005EEB83 /* Pocket Earth GPS Merge */ = {
			isa = PBXGroup;
			children = (
				2463B4391B93796E005EEB83 /* CommandLine */,
				24AA311A1B94CA79002C1951 /* LogLevel.swift */,
				24AA310B1B94ADF7002C1951 /* GPXDocument.swift */,
				2463B4321B937961005EEB83 /* main.swift */,
				24AA312A1B94F08F002C1951 /* Version.swift */,
			);
			path = "Pocket Earth GPS Merge";
			sourceTree = "<group>";
		};
		2463B4391B93796E005EEB83 /* CommandLine */ = {
			isa = PBXGroup;
			children = (
				249E86521B93D8380017461F /* CommandLine.swift */,
				249E86531B93D8380017461F /* Option.swift */,
				249E86541B93D8380017461F /* StringExtensions.swift */,
			);
			name = CommandLine;
			sourceTree = "<group>";
		};
		24AA31121B94C99A002C1951 /* gpxmerge tests */ = {
			isa = PBXGroup;
			children = (
				24AA31201B94CD71002C1951 /* sample */,
				24AA31131B94C99A002C1951 /* gpxmerge_tests.swift */,
				24AA31151B94C99A002C1951 /* Info.plist */,
			);
			path = "gpxmerge tests";
			sourceTree = "<group>";
		};
		24AA31201B94CD71002C1951 /* sample */ = {
			isa = PBXGroup;
			children = (
				24AA31211B94CD71002C1951 /* Central_Park_Lap.gpx */,
				24AA31221B94CD71002C1951 /* Central_Park_Lap_Cues.gpx */,
				24AA31231B94CD71002C1951 /* output.gpx */,
			);
			path = sample;
			sourceTree = SOURCE_ROOT;
		};
/* End PBXGroup section */

/* Begin PBXNativeTarget section */
		2463B42E1B937961005EEB83 /* gpxmerge */ = {
			isa = PBXNativeTarget;
			buildConfigurationList = 2463B4361B937961005EEB83 /* Build configuration list for PBXNativeTarget "gpxmerge" */;
			buildPhases = (
				24AA31271B94E9BF002C1951 /* Set Bundle Build Version */,
				2463B42B1B937961005EEB83 /* Sources */,
				2463B42C1B937961005EEB83 /* Frameworks */,
				2463B42D1B937961005EEB83 /* CopyFiles */,
			);
			buildRules = (
			);
			dependencies = (
			);
			name = gpxmerge;
			productName = "Pocket Earth GPS Merge";
			productReference = 2463B42F1B937961005EEB83 /* gpxmerge */;
			productType = "com.apple.product-type.tool";
		};
		24AA31101B94C99A002C1951 /* gpxmerge tests */ = {
			isa = PBXNativeTarget;
			buildConfigurationList = 24AA31181B94C99A002C1951 /* Build configuration list for PBXNativeTarget "gpxmerge tests" */;
			buildPhases = (
				24AA310D1B94C99A002C1951 /* Sources */,
				24AA310E1B94C99A002C1951 /* Frameworks */,
				24AA310F1B94C99A002C1951 /* Resources */,
			);
			buildRules = (
			);
			dependencies = (
			);
			name = "gpxmerge tests";
			productName = "gpxmerge tests";
			productReference = 24AA31111B94C99A002C1951 /* gpxmerge tests.xctest */;
			productType = "com.apple.product-type.bundle.unit-test";
		};
/* End PBXNativeTarget section */

/* Begin PBXProject section */
		2463B4271B937961005EEB83 /* Project object */ = {
			isa = PBXProject;
			attributes = {
				LastUpgradeCheck = 0700;
				ORGANIZATIONNAME = "Robert Carlsen";
				TargetAttributes = {
					2463B42E1B937961005EEB83 = {
						CreatedOnToolsVersion = 7.0;
					};
					24AA31101B94C99A002C1951 = {
						CreatedOnToolsVersion = 7.0;
					};
				};
			};
			buildConfigurationList = 2463B42A1B937961005EEB83 /* Build configuration list for PBXProject "Pocket Earth GPS Merge" */;
			compatibilityVersion = "Xcode 3.2";
			developmentRegion = English;
			hasScannedForEncodings = 0;
			knownRegions = (
				en,
			);
			mainGroup = 2463B4261B937961005EEB83;
			productRefGroup = 2463B4301B937961005EEB83 /* Products */;
			projectDirPath = "";
			projectRoot = "";
			targets = (
				2463B42E1B937961005EEB83 /* gpxmerge */,
				24AA31101B94C99A002C1951 /* gpxmerge tests */,
			);
		};
/* End PBXProject section */

/* Begin PBXResourcesBuildPhase section */
		24AA310F1B94C99A002C1951 /* Resources */ = {
			isa = PBXResourcesBuildPhase;
			buildActionMask = 2147483647;
			files = (
				24AA31241B94CD71002C1951 /* Central_Park_Lap.gpx in Resources */,
				24AA31251B94CD71002C1951 /* Central_Park_Lap_Cues.gpx in Resources */,
				24AA31261B94CD71002C1951 /* output.gpx in Resources */,
			);
			runOnlyForDeploymentPostprocessing = 0;
		};
/* End PBXResourcesBuildPhase section */

/* Begin PBXShellScriptBuildPhase section */
		24AA31271B94E9BF002C1951 /* Set Bundle Build Version */ = {
			isa = PBXShellScriptBuildPhase;
			buildActionMask = 2147483647;
			files = (
			);
			inputPaths = (
			);
			name = "Set Bundle Build Version";
			outputPaths = (
			);
			runOnlyForDeploymentPostprocessing = 0;
			shellPath = /bin/sh;
			shellScript = "cd \"${PROJECT_DIR}\"\nsh scripts/git-bundle-version.sh";
		};
/* End PBXShellScriptBuildPhase section */

/* Begin PBXSourcesBuildPhase section */
		2463B42B1B937961005EEB83 /* Sources */ = {
			isa = PBXSourcesBuildPhase;
			buildActionMask = 2147483647;
			files = (
				24AA312B1B94F08F002C1951 /* Version.swift in Sources */,
				249E86571B93D8380017461F /* StringExtensions.swift in Sources */,
				24AA311B1B94CA79002C1951 /* LogLevel.swift in Sources */,
				24AA310C1B94ADF7002C1951 /* GPXDocument.swift in Sources */,
				2463B4331B937961005EEB83 /* main.swift in Sources */,
				249E86561B93D8380017461F /* Option.swift in Sources */,
				249E86551B93D8380017461F /* CommandLine.swift in Sources */,
			);
			runOnlyForDeploymentPostprocessing = 0;
		};
		24AA310D1B94C99A002C1951 /* Sources */ = {
			isa = PBXSourcesBuildPhase;
			buildActionMask = 2147483647;
			files = (
				24AA31141B94C99A002C1951 /* gpxmerge_tests.swift in Sources */,
				24AA311C1B94CA79002C1951 /* LogLevel.swift in Sources */,
				24AA311D1B94CA90002C1951 /* GPXDocument.swift in Sources */,
			);
			runOnlyForDeploymentPostprocessing = 0;
		};
/* End PBXSourcesBuildPhase section */

/* Begin XCBuildConfiguration section */
		2463B4341B937961005EEB83 /* Debug */ = {
			isa = XCBuildConfiguration;
			buildSettings = {
				ALWAYS_SEARCH_USER_PATHS = NO;
				CLANG_CXX_LANGUAGE_STANDARD = "gnu++0x";
				CLANG_CXX_LIBRARY = "libc++";
				CLANG_ENABLE_MODULES = YES;
				CLANG_ENABLE_OBJC_ARC = YES;
				CLANG_WARN_BOOL_CONVERSION = YES;
				CLANG_WARN_CONSTANT_CONVERSION = YES;
				CLANG_WARN_DIRECT_OBJC_ISA_USAGE = YES_ERROR;
				CLANG_WARN_EMPTY_BODY = YES;
				CLANG_WARN_ENUM_CONVERSION = YES;
				CLANG_WARN_INT_CONVERSION = YES;
				CLANG_WARN_OBJC_ROOT_CLASS = YES_ERROR;
				CLANG_WARN_UNREACHABLE_CODE = YES;
				CLANG_WARN__DUPLICATE_METHOD_MATCH = YES;
				COPY_PHASE_STRIP = NO;
				DEBUG_INFORMATION_FORMAT = dwarf;
				ENABLE_STRICT_OBJC_MSGSEND = YES;
				ENABLE_TESTABILITY = YES;
				GCC_C_LANGUAGE_STANDARD = gnu99;
				GCC_DYNAMIC_NO_PIC = NO;
				GCC_NO_COMMON_BLOCKS = YES;
				GCC_OPTIMIZATION_LEVEL = 0;
				GCC_PREPROCESSOR_DEFINITIONS = (
					"DEBUG=1",
					"$(inherited)",
				);
				GCC_WARN_64_TO_32_BIT_CONVERSION = YES;
				GCC_WARN_ABOUT_RETURN_TYPE = YES_ERROR;
				GCC_WARN_UNDECLARED_SELECTOR = YES;
				GCC_WARN_UNINITIALIZED_AUTOS = YES_AGGRESSIVE;
				GCC_WARN_UNUSED_FUNCTION = YES;
				GCC_WARN_UNUSED_VARIABLE = YES;
				MACOSX_DEPLOYMENT_TARGET = 10.11;
				MTL_ENABLE_DEBUG_INFO = YES;
				ONLY_ACTIVE_ARCH = YES;
				SDKROOT = macosx;
				SWIFT_OPTIMIZATION_LEVEL = "-Onone";
			};
			name = Debug;
		};
		2463B4351B937961005EEB83 /* Release */ = {
			isa = XCBuildConfiguration;
			buildSettings = {
				ALWAYS_SEARCH_USER_PATHS = NO;
				CLANG_CXX_LANGUAGE_STANDARD = "gnu++0x";
				CLANG_CXX_LIBRARY = "libc++";
				CLANG_ENABLE_MODULES = YES;
				CLANG_ENABLE_OBJC_ARC = YES;
				CLANG_WARN_BOOL_CONVERSION = YES;
				CLANG_WARN_CONSTANT_CONVERSION = YES;
				CLANG_WARN_DIRECT_OBJC_ISA_USAGE = YES_ERROR;
				CLANG_WARN_EMPTY_BODY = YES;
				CLANG_WARN_ENUM_CONVERSION = YES;
				CLANG_WARN_INT_CONVERSION = YES;
				CLANG_WARN_OBJC_ROOT_CLASS = YES_ERROR;
				CLANG_WARN_UNREACHABLE_CODE = YES;
				CLANG_WARN__DUPLICATE_METHOD_MATCH = YES;
				COPY_PHASE_STRIP = NO;
				DEBUG_INFORMATION_FORMAT = "dwarf-with-dsym";
				ENABLE_NS_ASSERTIONS = NO;
				ENABLE_STRICT_OBJC_MSGSEND = YES;
				GCC_C_LANGUAGE_STANDARD = gnu99;
				GCC_NO_COMMON_BLOCKS = YES;
				GCC_WARN_64_TO_32_BIT_CONVERSION = YES;
				GCC_WARN_ABOUT_RETURN_TYPE = YES_ERROR;
				GCC_WARN_UNDECLARED_SELECTOR = YES;
				GCC_WARN_UNINITIALIZED_AUTOS = YES_AGGRESSIVE;
				GCC_WARN_UNUSED_FUNCTION = YES;
				GCC_WARN_UNUSED_VARIABLE = YES;
				MACOSX_DEPLOYMENT_TARGET = 10.11;
				MTL_ENABLE_DEBUG_INFO = NO;
				SDKROOT = macosx;
			};
			name = Release;
		};
		2463B4371B937961005EEB83 /* Debug */ = {
			isa = XCBuildConfiguration;
			buildSettings = {
				DEPLOYMENT_LOCATION = NO;
				PRODUCT_NAME = "$(TARGET_NAME)";
			};
			name = Debug;
		};
		2463B4381B937961005EEB83 /* Release */ = {
			isa = XCBuildConfiguration;
			buildSettings = {
				DEPLOYMENT_LOCATION = NO;
				PRODUCT_NAME = "$(TARGET_NAME)";
			};
			name = Release;
		};
		24AA31161B94C99A002C1951 /* Debug */ = {
			isa = XCBuildConfiguration;
			buildSettings = {
				COMBINE_HIDPI_IMAGES = YES;
				INFOPLIST_FILE = "gpxmerge tests/Info.plist";
				LD_RUNPATH_SEARCH_PATHS = "$(inherited) @executable_path/../Frameworks @loader_path/../Frameworks";
				PRODUCT_BUNDLE_IDENTIFIER = "net.robertcarlsen.gpxmerge-tests";
				PRODUCT_NAME = "$(TARGET_NAME)";
			};
			name = Debug;
		};
		24AA31171B94C99A002C1951 /* Release */ = {
			isa = XCBuildConfiguration;
			buildSettings = {
				COMBINE_HIDPI_IMAGES = YES;
				INFOPLIST_FILE = "gpxmerge tests/Info.plist";
				LD_RUNPATH_SEARCH_PATHS = "$(inherited) @executable_path/../Frameworks @loader_path/../Frameworks";
				PRODUCT_BUNDLE_IDENTIFIER = "net.robertcarlsen.gpxmerge-tests";
				PRODUCT_NAME = "$(TARGET_NAME)";
			};
			name = Release;
		};
/* End XCBuildConfiguration section */

/* Begin XCConfigurationList section */
		2463B42A1B937961005EEB83 /* Build configuration list for PBXProject "Pocket Earth GPS Merge" */ = {
			isa = XCConfigurationList;
			buildConfigurations = (
				2463B4341B937961005EEB83 /* Debug */,
				2463B4351B937961005EEB83 /* Release */,
			);
			defaultConfigurationIsVisible = 0;
			defaultConfigurationName = Release;
		};
		2463B4361B937961005EEB83 /* Build configuration list for PBXNativeTarget "gpxmerge" */ = {
			isa = XCConfigurationList;
			buildConfigurations = (
				2463B4371B937961005EEB83 /* Debug */,
				2463B4381B937961005EEB83 /* Release */,
			);
			defaultConfigurationIsVisible = 0;
			defaultConfigurationName = Release;
		};
		24AA31181B94C99A002C1951 /* Build configuration list for PBXNativeTarget "gpxmerge tests" */ = {
			isa = XCConfigurationList;
			buildConfigurations = (
				24AA31161B94C99A002C1951 /* Debug */,
				24AA31171B94C99A002C1951 /* Release */,
			);
			defaultConfigurationIsVisible = 0;
			defaultConfigurationName = Release;
		};
/* End XCConfigurationList section */
	};
	rootObject = 2463B4271B937961005EEB83 /* Project object */;
}
